// !$*UTF8*$!
{
	archiveVersion = 1;
	classes = {
	};
	objectVersion = 46;
	objects = {

/* Begin PBXBuildFile section */
		0FC1F955175886C8008548ED /* UIKit.framework in Frameworks */ = {isa = PBXBuildFile; fileRef = 0FC1F954175886C8008548ED /* UIKit.framework */; };
		0FC1F957175886C8008548ED /* Foundation.framework in Frameworks */ = {isa = PBXBuildFile; fileRef = 0FC1F956175886C8008548ED /* Foundation.framework */; };
		0FC1F959175886C8008548ED /* CoreGraphics.framework in Frameworks */ = {isa = PBXBuildFile; fileRef = 0FC1F958175886C8008548ED /* CoreGraphics.framework */; };
		0FC1F95F175886C8008548ED /* InfoPlist.strings in Resources */ = {isa = PBXBuildFile; fileRef = 0FC1F95D175886C8008548ED /* InfoPlist.strings */; };
		0FC1F961175886C8008548ED /* main.m in Sources */ = {isa = PBXBuildFile; fileRef = 0FC1F960175886C8008548ED /* main.m */; };
		0FC1F965175886C8008548ED /* AppDelegate.m in Sources */ = {isa = PBXBuildFile; fileRef = 0FC1F964175886C8008548ED /* AppDelegate.m */; };
		0FC1F967175886C8008548ED /* Default.png in Resources */ = {isa = PBXBuildFile; fileRef = 0FC1F966175886C8008548ED /* Default.png */; };
		0FC1F969175886C8008548ED /* Default@2x.png in Resources */ = {isa = PBXBuildFile; fileRef = 0FC1F968175886C8008548ED /* Default@2x.png */; };
		0FC1F96B175886C8008548ED /* Default-568h@2x.png in Resources */ = {isa = PBXBuildFile; fileRef = 0FC1F96A175886C8008548ED /* Default-568h@2x.png */; };
		0FC1F96E175886C8008548ED /* ViewController.m in Sources */ = {isa = PBXBuildFile; fileRef = 0FC1F96D175886C8008548ED /* ViewController.m */; };
		0FC1F971175886C8008548ED /* ViewController.xib in Resources */ = {isa = PBXBuildFile; fileRef = 0FC1F96F175886C8008548ED /* ViewController.xib */; };
/* End PBXBuildFile section */

/* Begin PBXFileReference section */
		0FC1F950175886C8008548ED /* SpeexDemo.app */ = {isa = PBXFileReference; explicitFileType = wrapper.application; includeInIndex = 0; path = SpeexDemo.app; sourceTree = BUILT_PRODUCTS_DIR; };
		0FC1F954175886C8008548ED /* UIKit.framework */ = {isa = PBXFileReference; lastKnownFileType = wrapper.framework; name = UIKit.framework; path = System/Library/Frameworks/UIKit.framework; sourceTree = SDKROOT; };
		0FC1F956175886C8008548ED /* Foundation.framework */ = {isa = PBXFileReference; lastKnownFileType = wrapper.framework; name = Foundation.framework; path = System/Library/Frameworks/Foundation.framework; sourceTree = SDKROOT; };
		0FC1F958175886C8008548ED /* CoreGraphics.framework */ = {isa = PBXFileReference; lastKnownFileType = wrapper.framework; name = CoreGraphics.framework; path = System/Library/Frameworks/CoreGraphics.framework; sourceTree = SDKROOT; };
		0FC1F95C175886C8008548ED /* SpeexDemo-Info.plist */ = {isa = PBXFileReference; lastKnownFileType = text.plist.xml; path = "SpeexDemo-Info.plist"; sourceTree = "<group>"; };
		0FC1F95E175886C8008548ED /* en */ = {isa = PBXFileReference; lastKnownFileType = text.plist.strings; name = en; path = en.lproj/InfoPlist.strings; sourceTree = "<group>"; };
		0FC1F960175886C8008548ED /* main.m */ = {isa = PBXFileReference; lastKnownFileType = sourcecode.c.objc; path = main.m; sourceTree = "<group>"; };
		0FC1F962175886C8008548ED /* SpeexDemo-Prefix.pch */ = {isa = PBXFileReference; lastKnownFileType = sourcecode.c.h; path = "SpeexDemo-Prefix.pch"; sourceTree = "<group>"; };
		0FC1F963175886C8008548ED /* AppDelegate.h */ = {isa = PBXFileReference; lastKnownFileType = sourcecode.c.h; path = AppDelegate.h; sourceTree = "<group>"; };
		0FC1F964175886C8008548ED /* AppDelegate.m */ = {isa = PBXFileReference; lastKnownFileType = sourcecode.c.objc; path = AppDelegate.m; sourceTree = "<group>"; };
		0FC1F966175886C8008548ED /* Default.png */ = {isa = PBXFileReference; lastKnownFileType = image.png; path = Default.png; sourceTree = "<group>"; };
		0FC1F968175886C8008548ED /* Default@2x.png */ = {isa = PBXFileReference; lastKnownFileType = image.png; path = "Default@2x.png"; sourceTree = "<group>"; };
		0FC1F96A175886C8008548ED /* Default-568h@2x.png */ = {isa = PBXFileReference; lastKnownFileType = image.png; path = "Default-568h@2x.png"; sourceTree = "<group>"; };
		0FC1F96C175886C8008548ED /* ViewController.h */ = {isa = PBXFileReference; lastKnownFileType = sourcecode.c.h; path = ViewController.h; sourceTree = "<group>"; };
		0FC1F96D175886C8008548ED /* ViewController.m */ = {isa = PBXFileReference; lastKnownFileType = sourcecode.c.objc; path = ViewController.m; sourceTree = "<group>"; };
		0FC1F970175886C8008548ED /* en */ = {isa = PBXFileReference; lastKnownFileType = file.xib; name = en; path = en.lproj/ViewController.xib; sourceTree = "<group>"; };
/* End PBXFileReference section */

/* Begin PBXFrameworksBuildPhase section */
		0FC1F94D175886C8008548ED /* Frameworks */ = {
			isa = PBXFrameworksBuildPhase;
			buildActionMask = 2147483647;
			files = (
				0FC1F955175886C8008548ED /* UIKit.framework in Frameworks */,
				0FC1F957175886C8008548ED /* Foundation.framework in Frameworks */,
				0FC1F959175886C8008548ED /* CoreGraphics.framework in Frameworks */,
			);
			runOnlyForDeploymentPostprocessing = 0;
		};
/* End PBXFrameworksBuildPhase section */

/* Begin PBXGroup section */
		0FC1F945175886C8008548ED = {
			isa = PBXGroup;
			children = (
				0FC1F95A175886C8008548ED /* SpeexDemo */,
				0FC1F953175886C8008548ED /* Frameworks */,
				0FC1F951175886C8008548ED /* Products */,
			);
			sourceTree = "<group>";
		};
		0FC1F951175886C8008548ED /* Products */ = {
			isa = PBXGroup;
			children = (
				0FC1F950175886C8008548ED /* SpeexDemo.app */,
			);
			name = Products;
			sourceTree = "<group>";
		};
		0FC1F953175886C8008548ED /* Frameworks */ = {
			isa = PBXGroup;
			children = (
				0FC1F954175886C8008548ED /* UIKit.framework */,
				0FC1F956175886C8008548ED /* Foundation.framework */,
				0FC1F958175886C8008548ED /* CoreGraphics.framework */,
			);
			name = Frameworks;
			sourceTree = "<group>";
		};
		0FC1F95A175886C8008548ED /* SpeexDemo */ = {
			isa = PBXGroup;
			children = (
				0FC1F963175886C8008548ED /* AppDelegate.h */,
				0FC1F964175886C8008548ED /* AppDelegate.m */,
				0FC1F96C175886C8008548ED /* ViewController.h */,
				0FC1F96D175886C8008548ED /* ViewController.m */,
				0FC1F96F175886C8008548ED /* ViewController.xib */,
				0FC1F95B175886C8008548ED /* Supporting Files */,
			);
			path = SpeexDemo;
			sourceTree = "<group>";
		};
		0FC1F95B175886C8008548ED /* Supporting Files */ = {
			isa = PBXGroup;
			children = (
				0FC1F95C175886C8008548ED /* SpeexDemo-Info.plist */,
				0FC1F95D175886C8008548ED /* InfoPlist.strings */,
				0FC1F960175886C8008548ED /* main.m */,
				0FC1F962175886C8008548ED /* SpeexDemo-Prefix.pch */,
				0FC1F966175886C8008548ED /* Default.png */,
				0FC1F968175886C8008548ED /* Default@2x.png */,
				0FC1F96A175886C8008548ED /* Default-568h@2x.png */,
			);
			name = "Supporting Files";
			sourceTree = "<group>";
		};
/* End PBXGroup section */

/* Begin PBXNativeTarget section */
		0FC1F94F175886C8008548ED /* SpeexDemo */ = {
			isa = PBXNativeTarget;
			buildConfigurationList = 0FC1F974175886C8008548ED /* Build configuration list for PBXNativeTarget "SpeexDemo" */;
			buildPhases = (
				0FC1F94C175886C8008548ED /* Sources */,
				0FC1F94D175886C8008548ED /* Frameworks */,
				0FC1F94E175886C8008548ED /* Resources */,
			);
			buildRules = (
			);
			dependencies = (
			);
			name = SpeexDemo;
			productName = SpeexDemo;
			productReference = 0FC1F950175886C8008548ED /* SpeexDemo.app */;
			productType = "com.apple.product-type.application";
		};
/* End PBXNativeTarget section */

/* Begin PBXProject section */
		0FC1F947175886C8008548ED /* Project object */ = {
			isa = PBXProject;
			attributes = {
				LastUpgradeCheck = 0450;
				ORGANIZATIONNAME = liangshu.zheng;
			};
			buildConfigurationList = 0FC1F94A175886C8008548ED /* Build configuration list for PBXProject "SpeexDemo" */;
			compatibilityVersion = "Xcode 3.2";
			developmentRegion = English;
			hasScannedForEncodings = 0;
			knownRegions = (
				en,
			);
			mainGroup = 0FC1F945175886C8008548ED;
			productRefGroup = 0FC1F951175886C8008548ED /* Products */;
			projectDirPath = "";
			projectRoot = "";
			targets = (
				0FC1F94F175886C8008548ED /* SpeexDemo */,
			);
		};
/* End PBXProject section */

/* Begin PBXResourcesBuildPhase section */
		0FC1F94E175886C8008548ED /* Resources */ = {
			isa = PBXResourcesBuildPhase;
			buildActionMask = 2147483647;
			files = (
				0FC1F95F175886C8008548ED /* InfoPlist.strings in Resources */,
				0FC1F967175886C8008548ED /* Default.png in Resources */,
				0FC1F969175886C8008548ED /* Default@2x.png in Resources */,
				0FC1F96B175886C8008548ED /* Default-568h@2x.png in Resources */,
				0FC1F971175886C8008548ED /* ViewController.xib in Resources */,
			);
			runOnlyForDeploymentPostprocessing = 0;
		};
/* End PBXResourcesBuildPhase section */

/* Begin PBXSourcesBuildPhase section */
		0FC1F94C175886C8008548ED /* Sources */ = {
			isa = PBXSourcesBuildPhase;
			buildActionMask = 2147483647;
			files = (
				0FC1F961175886C8008548ED /* main.m in Sources */,
				0FC1F965175886C8008548ED /* AppDelegate.m in Sources */,
				0FC1F96E175886C8008548ED /* ViewController.m in Sources */,
			);
			runOnlyForDeploymentPostprocessing = 0;
		};
/* End PBXSourcesBuildPhase section */

/* Begin PBXVariantGroup section */
		0FC1F95D175886C8008548ED /* InfoPlist.strings */ = {
			isa = PBXVariantGroup;
			children = (
				0FC1F95E175886C8008548ED /* en */,
			);
			name = InfoPlist.strings;
			sourceTree = "<group>";
		};
		0FC1F96F175886C8008548ED /* ViewController.xib */ = {
			isa = PBXVariantGroup;
			children = (
				0FC1F970175886C8008548ED /* en */,
			);
			name = ViewController.xib;
			sourceTree = "<group>";
		};
/* End PBXVariantGroup section */

/* Begin XCBuildConfiguration section */
		0FC1F972175886C8008548ED /* Debug */ = {
			isa = XCBuildConfiguration;
			buildSettings = {
				ALWAYS_SEARCH_USER_PATHS = NO;
				CLANG_CXX_LANGUAGE_STANDARD = "gnu++0x";
				CLANG_CXX_LIBRARY = "libc++";
				CLANG_WARN_EMPTY_BODY = YES;
				CLANG_WARN__DUPLICATE_METHOD_MATCH = YES;
				"CODE_SIGN_IDENTITY[sdk=iphoneos*]" = "iPhone Developer";
				COPY_PHASE_STRIP = NO;
				GCC_C_LANGUAGE_STANDARD = gnu99;
				GCC_DYNAMIC_NO_PIC = NO;
				GCC_OPTIMIZATION_LEVEL = 0;
				GCC_PREPROCESSOR_DEFINITIONS = (
					"DEBUG=1",
					"$(inherited)",
				);
				GCC_SYMBOLS_PRIVATE_EXTERN = NO;
				GCC_WARN_ABOUT_RETURN_TYPE = YES;
				GCC_WARN_UNINITIALIZED_AUTOS = YES;
				GCC_WARN_UNUSED_VARIABLE = YES;
				IPHONEOS_DEPLOYMENT_TARGET = 6.0;
				ONLY_ACTIVE_ARCH = YES;
				SDKROOT = iphoneos;
			};
			name = Debug;
		};
		0FC1F973175886C8008548ED /* Release */ = {
			isa = XCBuildConfiguration;
			buildSettings = {
				ALWAYS_SEARCH_USER_PATHS = NO;
				CLANG_CXX_LANGUAGE_STANDARD = "gnu++0x";
				CLANG_CXX_LIBRARY = "libc++";
				CLANG_WARN_EMPTY_BODY = YES;
				CLANG_WARN__DUPLICATE_METHOD_MATCH = YES;
				"CODE_SIGN_IDENTITY[sdk=iphoneos*]" = "iPhone Developer";
				COPY_PHASE_STRIP = YES;
				GCC_C_LANGUAGE_STANDARD = gnu99;
				GCC_WARN_ABOUT_RETURN_TYPE = YES;
				GCC_WARN_UNINITIALIZED_AUTOS = YES;
				GCC_WARN_UNUSED_VARIABLE = YES;
				IPHONEOS_DEPLOYMENT_TARGET = 6.0;
				OTHER_CFLAGS = "-DNS_BLOCK_ASSERTIONS=1";
				SDKROOT = iphoneos;
				VALIDATE_PRODUCT = YES;
			};
			name = Release;
		};
		0FC1F975175886C8008548ED /* Debug */ = {
			isa = XCBuildConfiguration;
			buildSettings = {
				GCC_PRECOMPILE_PREFIX_HEADER = YES;
				GCC_PREFIX_HEADER = "SpeexDemo/SpeexDemo-Prefix.pch";
				INFOPLIST_FILE = "SpeexDemo/SpeexDemo-Info.plist";
				PRODUCT_NAME = "$(TARGET_NAME)";
				WRAPPER_EXTENSION = app;
			};
			name = Debug;
		};
		0FC1F976175886C8008548ED /* Release */ = {
			isa = XCBuildConfiguration;
			buildSettings = {
				GCC_PRECOMPILE_PREFIX_HEADER = YES;
				GCC_PREFIX_HEADER = "SpeexDemo/SpeexDemo-Prefix.pch";
				INFOPLIST_FILE = "SpeexDemo/SpeexDemo-Info.plist";
				PRODUCT_NAME = "$(TARGET_NAME)";
				WRAPPER_EXTENSION = app;
			};
			name = Release;
		};
/* End XCBuildConfiguration section */

/* Begin XCConfigurationList section */
		0FC1F94A175886C8008548ED /* Build configuration list for PBXProject "SpeexDemo" */ = {
			isa = XCConfigurationList;
			buildConfigurations = (
				0FC1F972175886C8008548ED /* Debug */,
				0FC1F973175886C8008548ED /* Release */,
			);
			defaultConfigurationIsVisible = 0;
			defaultConfigurationName = Release;
		};
		0FC1F974175886C8008548ED /* Build configuration list for PBXNativeTarget "SpeexDemo" */ = {
			isa = XCConfigurationList;
			buildConfigurations = (
				0FC1F975175886C8008548ED /* Debug */,
				0FC1F976175886C8008548ED /* Release */,
			);
			defaultConfigurationIsVisible = 0;
		};
/* End XCConfigurationList section */
	};
	rootObject = 0FC1F947175886C8008548ED /* Project object */;
}
